
Microsoft Visual Studio Solution File, Format Version 12.00
# Visual Studio Version 17
VisualStudioVersion = 17.14.36221.1 d17.14
MinimumVisualStudioVersion = 10.0.40219.1
Project("{FAE04EC0-301F-11D3-BF4B-00C04F79EFBC}") = "InvestTrack", "InvestTrack\InvestTrack.csproj", "{620CED6D-D2A2-42B4-AA08-2E7434E94ECB}"
EndProject
Global
	GlobalSection(SolutionConfigurationPlatforms) = preSolution
		Debug|Any CPU = Debug|Any CPU
		Release|Any CPU = Release|Any CPU
	EndGlobalSection
	GlobalSection(ProjectConfigurationPlatforms) = postSolution
		{620CED6D-D2A2-42B4-AA08-2E7434E94ECB}.Debug|Any CPU.ActiveCfg = Debug|Any CPU
		{620CED6D-D2A2-42B4-AA08-2E7434E94ECB}.Debug|Any CPU.Build.0 = Debug|Any CPU
		{620CED6D-D2A2-42B4-AA08-2E7434E94ECB}.Release|Any CPU.ActiveCfg = Release|Any CPU
		{620CED6D-D2A2-42B4-AA08-2E7434E94ECB}.Release|Any CPU.Build.0 = Release|Any CPU
	EndGlobalSection
	GlobalSection(SolutionProperties) = preSolution
		HideSolutionNode = FALSE
	EndGlobalSection
	GlobalSection(ExtensibilityGlobals) = postSolution
		SolutionGuid = {63DC7928-DBB6-4B41-B749-4F8001836559}
	EndGlobalSection
EndGlobal
